
Microsoft Visual Studio Solution File, Format Version 12.00
# Visual Studio Version 17
VisualStudioVersion = 17.2.32630.192
MinimumVisualStudioVersion = 10.0.40219.1
Project("{F184B08F-C81C-45F6-A57F-5ABD9991F28F}") = "CodeDemoDesktop", "CodeDemoDesktop\CodeDemoDesktop.vbproj", "{D7B9C350-2429-4CF9-B05D-CD6856A87CA7}"
EndProject
Project("{F184B08F-C81C-45F6-A57F-5ABD9991F28F}") = "CodeDemoDataAccess", "CodeDemoDataAccess\CodeDemoDataAccess.vbproj", "{1882BF9B-031E-4328-9344-CBF3F3AB8C6B}"
EndProject
Project("{F184B08F-C81C-45F6-A57F-5ABD9991F28F}") = "CodeDemoWeb", "CodeDemoWeb\CodeDemoWeb.vbproj", "{CD8E53D2-B177-494B-AE08-1CEEF98E43D7}"
EndProject
Global
	GlobalSection(SolutionConfigurationPlatforms) = preSolution
		Debug|Any CPU = Debug|Any CPU
		Release|Any CPU = Release|Any CPU
	EndGlobalSection
	GlobalSection(ProjectConfigurationPlatforms) = postSolution
		{D7B9C350-2429-4CF9-B05D-CD6856A87CA7}.Debug|Any CPU.ActiveCfg = Debug|Any CPU
		{D7B9C350-2429-4CF9-B05D-CD6856A87CA7}.Debug|Any CPU.Build.0 = Debug|Any CPU
		{D7B9C350-2429-4CF9-B05D-CD6856A87CA7}.Release|Any CPU.ActiveCfg = Release|Any CPU
		{D7B9C350-2429-4CF9-B05D-CD6856A87CA7}.Release|Any CPU.Build.0 = Release|Any CPU
		{1882BF9B-031E-4328-9344-CBF3F3AB8C6B}.Debug|Any CPU.ActiveCfg = Debug|Any CPU
		{1882BF9B-031E-4328-9344-CBF3F3AB8C6B}.Debug|Any CPU.Build.0 = Debug|Any CPU
		{1882BF9B-031E-4328-9344-CBF3F3AB8C6B}.Release|Any CPU.ActiveCfg = Release|Any CPU
		{1882BF9B-031E-4328-9344-CBF3F3AB8C6B}.Release|Any CPU.Build.0 = Release|Any CPU
		{CD8E53D2-B177-494B-AE08-1CEEF98E43D7}.Debug|Any CPU.ActiveCfg = Debug|Any CPU
		{CD8E53D2-B177-494B-AE08-1CEEF98E43D7}.Debug|Any CPU.Build.0 = Debug|Any CPU
		{CD8E53D2-B177-494B-AE08-1CEEF98E43D7}.Release|Any CPU.ActiveCfg = Release|Any CPU
		{CD8E53D2-B177-494B-AE08-1CEEF98E43D7}.Release|Any CPU.Build.0 = Release|Any CPU
	EndGlobalSection
	GlobalSection(SolutionProperties) = preSolution
		HideSolutionNode = FALSE
	EndGlobalSection
	GlobalSection(ExtensibilityGlobals) = postSolution
		SolutionGuid = {FC769E55-85FD-4A6D-8ACD-0753735A8BAC}
	EndGlobalSection
EndGlobal
